
Microsoft Visual Studio Solution File, Format Version 12.00
# Visual Studio Version 16
VisualStudioVersion = 16.0.31313.79
MinimumVisualStudioVersion = 10.0.40219.1
Project("{FAE04EC0-301F-11D3-BF4B-00C04F79EFBC}") = "Localization", "Localization.csproj", "{F22F7B3A-FCC3-44FE-80C8-62934CB7838D}"
EndProject
Global
	GlobalSection(SolutionConfigurationPlatforms) = preSolution
		Debug|Any CPU = Debug|Any CPU
		Release|Any CPU = Release|Any CPU
	EndGlobalSection
	GlobalSection(ProjectConfigurationPlatforms) = postSolution
		{F22F7B3A-FCC3-44FE-80C8-62934CB7838D}.Debug|Any CPU.ActiveCfg = Debug|Any CPU
		{F22F7B3A-FCC3-44FE-80C8-62934CB7838D}.Debug|Any CPU.Build.0 = Debug|Any CPU
		{F22F7B3A-FCC3-44FE-80C8-62934CB7838D}.Release|Any CPU.ActiveCfg = Release|Any CPU
		{F22F7B3A-FCC3-44FE-80C8-62934CB7838D}.Release|Any CPU.Build.0 = Release|Any CPU
	EndGlobalSection
	GlobalSection(SolutionProperties) = preSolution
		HideSolutionNode = FALSE
	EndGlobalSection
	GlobalSection(ExtensibilityGlobals) = postSolution
		SolutionGuid = {937D9B07-964C-47D4-B449-25950E49C1FB}
	EndGlobalSection
EndGlobal
